
Microsoft Visual Studio Solution File, Format Version 12.00
# Visual Studio Version 17
VisualStudioVersion = 17.4.33122.133
MinimumVisualStudioVersion = 10.0.40219.1
Project("{FAE04EC0-301F-11D3-BF4B-00C04F79EFBC}") = "DemoUL", "DemoUL\DemoUL.csproj", "{DEAF467B-CD39-4097-9736-9E8FB977FF37}"
EndProject
Global
	GlobalSection(SolutionConfigurationPlatforms) = preSolution
		Debug|Any CPU = Debug|Any CPU
		Release|Any CPU = Release|Any CPU
	EndGlobalSection
	GlobalSection(ProjectConfigurationPlatforms) = postSolution
		{DEAF467B-CD39-4097-9736-9E8FB977FF37}.Debug|Any CPU.ActiveCfg = Debug|Any CPU
		{DEAF467B-CD39-4097-9736-9E8FB977FF37}.Debug|Any CPU.Build.0 = Debug|Any CPU
		{DEAF467B-CD39-4097-9736-9E8FB977FF37}.Release|Any CPU.ActiveCfg = Release|Any CPU
		{DEAF467B-CD39-4097-9736-9E8FB977FF37}.Release|Any CPU.Build.0 = Release|Any CPU
	EndGlobalSection
	GlobalSection(SolutionProperties) = preSolution
		HideSolutionNode = FALSE
	EndGlobalSection
	GlobalSection(ExtensibilityGlobals) = postSolution
		SolutionGuid = {84426112-9D31-497E-9301-C9A8C06612B5}
	EndGlobalSection
EndGlobal
